
Microsoft Visual Studio Solution File, Format Version 12.00
# Visual Studio Version 17
VisualStudioVersion = 17.8.34330.188
MinimumVisualStudioVersion = 10.0.40219.1
Project("{FAE04EC0-301F-11D3-BF4B-00C04F79EFBC}") = "Proof of Deployment", "Proof of Deployment.csproj", "{A1BCA662-09A7-4804-8F65-FDF3B1AAD641}"
EndProject
Global
	GlobalSection(SolutionConfigurationPlatforms) = preSolution
		Debug|Any CPU = Debug|Any CPU
		Release|Any CPU = Release|Any CPU
	EndGlobalSection
	GlobalSection(ProjectConfigurationPlatforms) = postSolution
		{A1BCA662-09A7-4804-8F65-FDF3B1AAD641}.Debug|Any CPU.ActiveCfg = Debug|Any CPU
		{A1BCA662-09A7-4804-8F65-FDF3B1AAD641}.Debug|Any CPU.Build.0 = Debug|Any CPU
		{A1BCA662-09A7-4804-8F65-FDF3B1AAD641}.Release|Any CPU.ActiveCfg = Release|Any CPU
		{A1BCA662-09A7-4804-8F65-FDF3B1AAD641}.Release|Any CPU.Build.0 = Release|Any CPU
	EndGlobalSection
	GlobalSection(SolutionProperties) = preSolution
		HideSolutionNode = FALSE
	EndGlobalSection
	GlobalSection(ExtensibilityGlobals) = postSolution
		SolutionGuid = {01EC0AE1-F5DA-415F-8F64-AD28F032F145}
	EndGlobalSection
EndGlobal
